
Microsoft Visual Studio Solution File, Format Version 12.00
# Visual Studio Version 16
VisualStudioVersion = 16.0.31702.278
MinimumVisualStudioVersion = 10.0.40219.1
Project("{FAE04EC0-301F-11D3-BF4B-00C04F79EFBC}") = "Ejercicio6", "Ejercicio6\Ejercicio6.csproj", "{A6D58B04-93BA-49CA-9CA5-B154A1B1B71C}"
EndProject
Global
	GlobalSection(SolutionConfigurationPlatforms) = preSolution
		Debug|Any CPU = Debug|Any CPU
		Release|Any CPU = Release|Any CPU
	EndGlobalSection
	GlobalSection(ProjectConfigurationPlatforms) = postSolution
		{A6D58B04-93BA-49CA-9CA5-B154A1B1B71C}.Debug|Any CPU.ActiveCfg = Debug|Any CPU
		{A6D58B04-93BA-49CA-9CA5-B154A1B1B71C}.Debug|Any CPU.Build.0 = Debug|Any CPU
		{A6D58B04-93BA-49CA-9CA5-B154A1B1B71C}.Release|Any CPU.ActiveCfg = Release|Any CPU
		{A6D58B04-93BA-49CA-9CA5-B154A1B1B71C}.Release|Any CPU.Build.0 = Release|Any CPU
	EndGlobalSection
	GlobalSection(SolutionProperties) = preSolution
		HideSolutionNode = FALSE
	EndGlobalSection
	GlobalSection(ExtensibilityGlobals) = postSolution
		SolutionGuid = {9D49DDBD-E52D-46D3-ABA4-ADCCF137C16D}
	EndGlobalSection
EndGlobal
