
Microsoft Visual Studio Solution File, Format Version 12.00
# Visual Studio Version 16
VisualStudioVersion = 16.0.31702.278
MinimumVisualStudioVersion = 10.0.40219.1
Project("{FAE04EC0-301F-11D3-BF4B-00C04F79EFBC}") = "Ejercicio3", "Ejercicio3\Ejercicio3.csproj", "{C8E426ED-03E6-4449-9941-E2B492380E48}"
EndProject
Global
	GlobalSection(SolutionConfigurationPlatforms) = preSolution
		Debug|Any CPU = Debug|Any CPU
		Release|Any CPU = Release|Any CPU
	EndGlobalSection
	GlobalSection(ProjectConfigurationPlatforms) = postSolution
		{C8E426ED-03E6-4449-9941-E2B492380E48}.Debug|Any CPU.ActiveCfg = Debug|Any CPU
		{C8E426ED-03E6-4449-9941-E2B492380E48}.Debug|Any CPU.Build.0 = Debug|Any CPU
		{C8E426ED-03E6-4449-9941-E2B492380E48}.Release|Any CPU.ActiveCfg = Release|Any CPU
		{C8E426ED-03E6-4449-9941-E2B492380E48}.Release|Any CPU.Build.0 = Release|Any CPU
	EndGlobalSection
	GlobalSection(SolutionProperties) = preSolution
		HideSolutionNode = FALSE
	EndGlobalSection
	GlobalSection(ExtensibilityGlobals) = postSolution
		SolutionGuid = {34860245-2377-47F3-BAFE-EC9D1DF4E61C}
	EndGlobalSection
EndGlobal
